
Microsoft Visual Studio Solution File, Format Version 12.00
# Visual Studio Version 17
VisualStudioVersion = 17.0.31903.59
MinimumVisualStudioVersion = 10.0.40219.1
Project("{2150E333-8FDC-42A3-9474-1A3956D46DE8}") = "src", "src", "{BB0FCE50-D641-4C41-BA79-AE11B6C288B7}"
EndProject
Project("{FAE04EC0-301F-11D3-BF4B-00C04F79EFBC}") = "Cathal.IHostedServiceRegistration", "src\Cathal.IHostedServiceRegistration\Cathal.IHostedServiceRegistration.csproj", "{FC967240-6AFB-4EEE-A494-308F5406A606}"
EndProject
Project("{FAE04EC0-301F-11D3-BF4B-00C04F79EFBC}") = "Cathal.IHostedServiceRegistration.Tests", "src\Cathal.IHostedServiceRegistration.Tests\Cathal.IHostedServiceRegistration.Tests.csproj", "{8F6D172A-B3EF-492F-A624-F08683AFF432}"
EndProject
Global
	GlobalSection(SolutionConfigurationPlatforms) = preSolution
		Debug|Any CPU = Debug|Any CPU
		Release|Any CPU = Release|Any CPU
	EndGlobalSection
	GlobalSection(SolutionProperties) = preSolution
		HideSolutionNode = FALSE
	EndGlobalSection
	GlobalSection(ProjectConfigurationPlatforms) = postSolution
		{FC967240-6AFB-4EEE-A494-308F5406A606}.Debug|Any CPU.ActiveCfg = Debug|Any CPU
		{FC967240-6AFB-4EEE-A494-308F5406A606}.Debug|Any CPU.Build.0 = Debug|Any CPU
		{FC967240-6AFB-4EEE-A494-308F5406A606}.Release|Any CPU.ActiveCfg = Release|Any CPU
		{FC967240-6AFB-4EEE-A494-308F5406A606}.Release|Any CPU.Build.0 = Release|Any CPU
		{8F6D172A-B3EF-492F-A624-F08683AFF432}.Debug|Any CPU.ActiveCfg = Debug|Any CPU
		{8F6D172A-B3EF-492F-A624-F08683AFF432}.Debug|Any CPU.Build.0 = Debug|Any CPU
		{8F6D172A-B3EF-492F-A624-F08683AFF432}.Release|Any CPU.ActiveCfg = Release|Any CPU
		{8F6D172A-B3EF-492F-A624-F08683AFF432}.Release|Any CPU.Build.0 = Release|Any CPU
	EndGlobalSection
	GlobalSection(NestedProjects) = preSolution
		{FC967240-6AFB-4EEE-A494-308F5406A606} = {BB0FCE50-D641-4C41-BA79-AE11B6C288B7}
		{8F6D172A-B3EF-492F-A624-F08683AFF432} = {BB0FCE50-D641-4C41-BA79-AE11B6C288B7}
	EndGlobalSection
EndGlobal
